
Microsoft Visual Studio Solution File, Format Version 12.00
# Visual Studio Version 17
VisualStudioVersion = 17.10.34928.147
MinimumVisualStudioVersion = 10.0.40219.1
Project("{FAE04EC0-301F-11D3-BF4B-00C04F79EFBC}") = "rec_rewild_room_editor", "rec_rewild_room_editor.csproj", "{20ABF229-0341-4228-84B3-EF6A11956EEF}"
EndProject
Global
	GlobalSection(SolutionConfigurationPlatforms) = preSolution
		Debug|Any CPU = Debug|Any CPU
		Release|Any CPU = Release|Any CPU
	EndGlobalSection
	GlobalSection(ProjectConfigurationPlatforms) = postSolution
		{20ABF229-0341-4228-84B3-EF6A11956EEF}.Debug|Any CPU.ActiveCfg = Debug|Any CPU
		{20ABF229-0341-4228-84B3-EF6A11956EEF}.Debug|Any CPU.Build.0 = Debug|Any CPU
		{20ABF229-0341-4228-84B3-EF6A11956EEF}.Release|Any CPU.ActiveCfg = Release|Any CPU
		{20ABF229-0341-4228-84B3-EF6A11956EEF}.Release|Any CPU.Build.0 = Release|Any CPU
	EndGlobalSection
	GlobalSection(SolutionProperties) = preSolution
		HideSolutionNode = FALSE
	EndGlobalSection
	GlobalSection(ExtensibilityGlobals) = postSolution
		SolutionGuid = {BB350EB2-45FC-4D44-A88F-AB9C9BDAE71F}
	EndGlobalSection
EndGlobal
